{
  "version": 4,
  "terraform_version": "1.0.11",
  "serial": 24,
  "lineage": "88c65201-9957-8fba-e36c-381f11fad0b1",
  "outputs": {},
  "resources": [
    {
      "module": "module.cloud_function",
      "mode": "data",
      "type": "archive_file",
      "name": "function_app_zip",
      "provider": "provider[\"registry.terraform.io/hashicorp/archive\"]",
      "instances": [
        {
          "schema_version": 0,
          "attributes": {
            "excludes": null,
            "id": "7569a7aaa47a50747f2bf1d2ba9ef2b5b05e1ca3",
            "output_base64sha256": "jq6faN4uA3ASeJdcJOJD2h/EgWXIDV3NXUDNht2OMW4=",
            "output_file_mode": null,
            "output_md5": "1e7f9b76b9b4796c6f3c8f0c9778b041",
            "output_path": "/tmp/function.zip",
            "output_sha": "7569a7aaa47a50747f2bf1d2ba9ef2b5b05e1ca3",
            "output_size": 174,
            "source": [],
            "source_content": null,
            "source_content_filename": null,
            "source_dir": "src",
            "source_file": null,
            "type": "zip"
          },
          "sensitive_attributes": []
        }
      ]
    },
    {
      "module": "module.cloud_function",
      "mode": "managed",
      "type": "google_cloudfunctions_function",
      "name": "functions",
      "provider": "provider[\"registry.terraform.io/hashicorp/google\"]",
      "instances": [
        {
          "schema_version": 0,
          "attributes": {
            "available_memory_mb": 256,
            "build_environment_variables": null,
            "description": "Dummy function to test the cloud function",
            "docker_registry": "CONTAINER_REGISTRY",
            "docker_repository": "",
            "entry_point": "hello_world",
            "environment_variables": null,
            "event_trigger": [],
            "https_trigger_security_level": "SECURE_OPTIONAL",
            "https_trigger_url": "https://us-east1-ingka-icf-extcustdata-test.cloudfunctions.net/hello-world",
            "id": "projects/ingka-icf-extcustdata-test/locations/us-east1/functions/hello-world",
            "ingress_settings": "ALLOW_ALL",
            "kms_key_name": "",
            "labels": {
              "application": "ecd",
              "created_on": "20220902074432",
              "environment": "environment",
              "owner": "dheerendra"
            },
            "max_instances": 0,
            "min_instances": 0,
            "name": "hello-world",
            "project": "ingka-icf-extcustdata-test",
            "region": "us-east1",
            "runtime": "python37",
            "secret_environment_variables": [],
            "secret_volumes": [],
            "service_account_email": "ingka-icf-extcustdata-test@appspot.gserviceaccount.com",
            "source_archive_bucket": "function_app",
            "source_archive_object": "src-1e7f9b76b9b4796c6f3c8f0c9778b041.zip",
            "source_repository": [],
            "timeout": 60,
            "timeouts": null,
            "trigger_http": true,
            "vpc_connector": "",
            "vpc_connector_egress_settings": ""
          },
          "sensitive_attributes": [],
          "private": "eyJlMmJmYjczMC1lY2FhLTExZTYtOGY4OC0zNDM2M2JjN2M0YzAiOnsiY3JlYXRlIjozMDAwMDAwMDAwMDAsImRlbGV0ZSI6MzAwMDAwMDAwMDAwLCJyZWFkIjozMDAwMDAwMDAwMDAsInVwZGF0ZSI6MzAwMDAwMDAwMDAwfX0=",
          "dependencies": [
            "module.cloud_function.data.archive_file.function_app_zip",
            "module.cloud_function.google_storage_bucket.function_app_bucket",
            "module.cloud_function.google_storage_bucket_object.function_app_zip"
          ]
        }
      ]
    },
    {
      "module": "module.cloud_function",
      "mode": "managed",
      "type": "google_storage_bucket",
      "name": "function_app_bucket",
      "provider": "provider[\"registry.terraform.io/hashicorp/google\"]",
      "instances": [
        {
          "schema_version": 0,
          "attributes": {
            "cors": [],
            "default_event_based_hold": false,
            "encryption": [],
            "force_destroy": false,
            "id": "function_app",
            "labels": {
              "application": "ecd",
              "created_on": "20220902074426",
              "environment": "environment",
              "owner": "dheerendra"
            },
            "lifecycle_rule": [],
            "location": "EU",
            "logging": [],
            "name": "function_app",
            "project": "ingka-icf-extcustdata-test",
            "requester_pays": false,
            "retention_policy": [],
            "self_link": "https://www.googleapis.com/storage/v1/b/function_app",
            "storage_class": "STANDARD",
            "timeouts": null,
            "uniform_bucket_level_access": false,
            "url": "gs://function_app",
            "versioning": [],
            "website": []
          },
          "sensitive_attributes": [],
          "private": "eyJlMmJmYjczMC1lY2FhLTExZTYtOGY4OC0zNDM2M2JjN2M0YzAiOnsiY3JlYXRlIjoyNDAwMDAwMDAwMDAsInJlYWQiOjI0MDAwMDAwMDAwMCwidXBkYXRlIjoyNDAwMDAwMDAwMDB9fQ=="
        }
      ]
    },
    {
      "module": "module.cloud_function",
      "mode": "managed",
      "type": "google_storage_bucket_object",
      "name": "function_app_zip",
      "provider": "provider[\"registry.terraform.io/hashicorp/google\"]",
      "instances": [
        {
          "schema_version": 0,
          "attributes": {
            "bucket": "function_app",
            "cache_control": "",
            "content": null,
            "content_disposition": "",
            "content_encoding": "",
            "content_language": "",
            "content_type": "application/zip",
            "crc32c": "BAr8Gw==",
            "customer_encryption": [],
            "detect_md5hash": "Hn+bdrm0eWxvPI8Ml3iwQQ==",
            "event_based_hold": false,
            "id": "function_app-src-1e7f9b76b9b4796c6f3c8f0c9778b041.zip",
            "kms_key_name": "",
            "md5hash": "Hn+bdrm0eWxvPI8Ml3iwQQ==",
            "media_link": "https://storage.googleapis.com/download/storage/v1/b/function_app/o/src-1e7f9b76b9b4796c6f3c8f0c9778b041.zip?generation=1662104671559125\u0026alt=media",
            "metadata": null,
            "name": "src-1e7f9b76b9b4796c6f3c8f0c9778b041.zip",
            "output_name": "src-1e7f9b76b9b4796c6f3c8f0c9778b041.zip",
            "self_link": "https://www.googleapis.com/storage/v1/b/function_app/o/src-1e7f9b76b9b4796c6f3c8f0c9778b041.zip",
            "source": "/tmp/function.zip",
            "storage_class": "STANDARD",
            "temporary_hold": false,
            "timeouts": null
          },
          "sensitive_attributes": [],
          "private": "eyJlMmJmYjczMC1lY2FhLTExZTYtOGY4OC0zNDM2M2JjN2M0YzAiOnsiY3JlYXRlIjoyNDAwMDAwMDAwMDAsImRlbGV0ZSI6MjQwMDAwMDAwMDAwLCJ1cGRhdGUiOjI0MDAwMDAwMDAwMH19",
          "dependencies": [
            "module.cloud_function.data.archive_file.function_app_zip",
            "module.cloud_function.google_storage_bucket.function_app_bucket"
          ]
        }
      ]
    }
  ]
}
