{
  "version": 4,
  "terraform_version": "1.0.11",
  "serial": 3,
  "lineage": "eb0be810-535f-1360-1fc6-8e09d26d5523",
  "outputs": {},
  "resources": [
    {
      "module": "module.bq_table_iam_member_viewer",
      "mode": "managed",
      "type": "google_bigquery_table_iam_member",
      "name": "table_iam_member",
      "provider": "provider[\"registry.terraform.io/hashicorp/google\"]",
      "instances": [
        {
          "index_key": "invoice",
          "schema_version": 0,
          "attributes": {
            "condition": [],
            "dataset_id": "event_logs",
            "etag": "BwXnXk2obiE=",
            "id": "projects/ingka-icf-extcustdata-test/datasets/event_logs/tables/invoice/roles/bigquery.dataEditor/user:amol.sudam.rathod1@ingka.com",
            "member": "user:amol.sudam.rathod1@ingka.com",
            "project": "ingka-icf-extcustdata-test",
            "role": "roles/bigquery.dataEditor",
            "table_id": "projects/ingka-icf-extcustdata-test/datasets/event_logs/tables/invoice"
          },
          "sensitive_attributes": [],
          "private": "bnVsbA=="
        },
        {
          "index_key": "invoices",
          "schema_version": 0,
          "attributes": {
            "condition": [],
            "dataset_id": "event_logs",
            "etag": "BwXnXk2ofBI=",
            "id": "projects/ingka-icf-extcustdata-test/datasets/event_logs/tables/invoices/roles/bigquery.dataEditor/user:amol.sudam.rathod1@ingka.com",
            "member": "user:amol.sudam.rathod1@ingka.com",
            "project": "ingka-icf-extcustdata-test",
            "role": "roles/bigquery.dataEditor",
            "table_id": "projects/ingka-icf-extcustdata-test/datasets/event_logs/tables/invoices"
          },
          "sensitive_attributes": [],
          "private": "bnVsbA=="
        }
      ]
    }
  ]
}
